github.com/BurntSushi/toml v0.3.1 h1:WXkYYl6Yr3qBf1K79EBnL4mak0OimBfB0XUf9Vl28OQ=
github.com/BurntSushi/toml v0.3.1/go.mod h1:xHWCNGjB5oqiDr8zfno3MHue2Ht5sIBksp03qcyfWMU=
github.com/MichaelTJones/walk v0.0.0-20161122175330-4748e29d5718 h1:FSsoaa1q4jAaeiAUxf9H0PgFP7eA/UL6c3PdJH+nMN4=
github.com/MichaelTJones/walk v0.0.0-20161122175330-4748e29d5718/go.mod h1:VVwKsx9Dc8rNG55BWqogoJzGubjKnRoXdUvpGbWqeCc=
github.com/cpuguy83/go-md2man/v2 v2.0.0-20190314233015-f79a8a8ca69d h1:U+s90UTSYgptZMwQh2aRr3LuazLJIa+Pg3Kc1ylSYVY=
github.com/cpuguy83/go-md2man/v2 v2.0.0-20190314233015-f79a8a8ca69d/go.mod h1:maD7wRr/U5Z6m/iR4s+kqSMx2CaBsrgA7czyZG/E6dU=
github.com/currantlabs/ble v0.0.0-20171229162446-c1d21c164cf8 h1:eo7L0zxxFowLpF4FNlLijrAMVNlq9h8sicNwMfzauM8=
github.com/currantlabs/ble v0.0.0-20171229162446-c1d21c164cf8/go.mod h1:MGpIf7cfnYPFaMIcD8LoSgCr8Jsa4rUcV5Nb9temsYw=
github.com/davecgh/go-spew v1.1.0 h1:ZDRjVQ15GmhC3fiQ8ni8+OwkZQO4DARzQgrnXU1Liz8=
github.com/davecgh/go-spew v1.1.0/go.mod h1:J7Y8YcW2NihsgmVo/mv3lAwl/skON4iLHjSsI+c5H38=
github.com/gokyle/fswatch v0.0.0-20121217010029-1dbdf8320a69 h1:ZlqVKRbGps72I2GkDEhFoKyvbGtaJqOBm8XdC9JgJbg=
github.com/gokyle/fswatch v0.0.0-20121217010029-1dbdf8320a69/go.mod h1:mPSEdAn8JDvRp/NN52qmojPflfPOFLPfQe361QrmvRE=
github.com/howeyc/gopass v0.0.0-20190910152052-7cb4b85ec19c h1:aY2hhxLhjEAbfXOx2nRJxCXezC6CO2V/yN+OCr1srtk=
github.com/howeyc/gopass v0.0.0-20190910152052-7cb4b85ec19c/go.mod h1:lADxMC39cJJqL93Duh1xhAs4I2Zs8mKS89XWXFGp9cs=
github.com/mattn/go-colorable v0.1.6 h1:6Su7aK7lXmJ/U79bYtBjLNaha4Fs1Rg9plHpcH+vvnE=
github.com/mattn/go-colorable v0.1.6/go.mod h1:u6P/XSegPjTcexA+o6vUJrdnUu04hMope9wVRipJSqc=
github.com/mattn/go-isatty v0.0.12 h1:wuysRhFDzyxgEmMf5xjvJ2M9dZoWAXNNr5LSBS7uHXY=
github.com/mattn/go-isatty v0.0.12/go.mod h1:cbi8OIDigv2wuxKPP5vlRcQ1OAZbq2CE4Kysco4FUpU=
github.com/mgutz/ansi v0.0.0-20170206155736-9520e82c474b h1:j7+1HpAFS1zy5+Q4qx1fWh90gTKwiN4QCGoY9TWyyO4=
github.com/mgutz/ansi v0.0.0-20170206155736-9520e82c474b/go.mod h1:01TrycV0kFyexm33Z7vhZRXopbI8J3TDReVlkTgMUxE=
github.com/mgutz/goa v0.0.0-20200227234702-6e81f962a115 h1:lRVHw3jcfZeBhKlwXYDPwCmg0jNgLLOq31F9pBRlGxk=
github.com/mgutz/goa v0.0.0-20200227234702-6e81f962a115/go.mod h1:2YMrDtwA0jkQXX+l5K1ZERMEvZSONFDc5xSFbmPZsug=
github.com/mgutz/logxi v0.0.0-20161027140823-aebf8a7d67ab h1:n8cgpHzJ5+EDyDri2s/GC7a9+qK3/YEGnBsd0uS/8PY=
github.com/mgutz/logxi v0.0.0-20161027140823-aebf8a7d67ab/go.mod h1:y1pL58r5z2VvAjeG1VLGc8zOQgSOzbKN7kMHPvFXJ+8=
github.com/mgutz/minimist v0.0.0-20151219120022-39eb8cf573ca h1:pXeroI6JhWPe9YJHw65Vs7yLhgWn3mY1+jOq8MtmqY0=
github.com/mgutz/minimist v0.0.0-20151219120022-39eb8cf573ca/go.mod h1:CemPqfWh2DIz3wQET7z9z6N2niRz/HF2+cM/lIm3ieY=
github.com/mgutz/str v1.2.0 h1:4IzWSdIz9qPQWLfKZ0rJcV0jcUDpxvP4JVZ4GXQyvSw=
github.com/mgutz/str v1.2.0/go.mod h1:w1v0ofgLaJdoD0HpQ3fycxKD1WtxpjSo151pK/31q6w=
github.com/mgutz/to v1.0.0 h1:rMavw/T9DWwmjl7Vi/xrPjFu+yoN555DVDqJbjGmwDQ=
github.com/mgutz/to v1.0.0/go.mod h1:frEfNDHS+97/hJI/aqaT4Rm+utwYs1T7NLNUjxLk+N8=
github.com/nozzle/throttler v0.0.0-20180817012639-2ea982251481 h1:Up6+btDp321ZG5/zdSLo48H9Iaq0UQGthrhWC6pCxzE=
github.com/nozzle/throttler v0.0.0-20180817012639-2ea982251481/go.mod h1:yKZQO8QE2bHlgozqWDiRVqTFlLQSj30K/6SAK8EeYFw=
github.com/pkg/errors v0.9.1 h1:FEBLx1zS214owpjy7qsBeixbURkuhQAwrK5UwLGTwt4=
github.com/pkg/errors v0.9.1/go.mod h1:bwawxfHBFNV+L2hUp1rHADufV3IMtnDRdf1r5NINEl0=
github.com/pmezard/go-difflib v1.0.0 h1:4DBwDE0NGyQoBHbLQYPwSUPoCMWR5BEzIk/f1lZbAQM=
github.com/pmezard/go-difflib v1.0.0/go.mod h1:iKH77koFhYxTK1pcRnkKkqfTogsbg7gZNVY4sRDYZ/4=
github.com/raff/goble v0.0.0-20200327175727-d63360dcfd80 h1:IZkjNgPZXcE4USkGzmJQyHco3KFLmhcLyFdxCOiY6cQ=
github.com/raff/goble v0.0.0-20200327175727-d63360dcfd80/go.mod h1:CxaUhijgLFX0AROtH5mluSY71VqpjQBw9JXE2UKZmc4=
github.com/russross/blackfriday/v2 v2.0.1 h1:lPqVAte+HuHNfhJ/0LC98ESWRz8afy9tM/0RK8m9o+Q=
github.com/russross/blackfriday/v2 v2.0.1/go.mod h1:+Rmxgy9KzJVeS9/2gXHxylqXiyQDYRxCVz55jmeOWTM=
github.com/shurcooL/sanitized_anchor_name v1.0.0 h1:PdmoCO6wvbs+7yrJyMORt4/BmY5IYyJwS/kOiWx8mHo=
github.com/shurcooL/sanitized_anchor_name v1.0.0/go.mod h1:1NzhyTcUVG4SuEtjjoZeVRXNmyL/1OwPU0+IJeTBvfc=
github.com/stretchr/objx v0.1.0/go.mod h1:HFkY916IF+rwdDfMAkV7OtwuqBVzrE8GR6GFx+wExME=
github.com/stretchr/testify v1.5.1 h1:nOGnQDM7FYENwehXlg/kFVnos3rEvtKTjRvOWSzb6H4=
github.com/stretchr/testify v1.5.1/go.mod h1:5W2xD1RspED5o8YsWQXVCued0rvSQ+mT+I5cxcmMvtA=
github.com/urfave/cli v1.22.4 h1:u7tSpNPPswAFymm8IehJhy4uJMlUuU/GmqSkvJ1InXA=
github.com/urfave/cli v1.22.4/go.mod h1:Gos4lmkARVdJ6EkW0WaNv/tZAAMe9V7XWyB60NtXRu0=
github.com/yuin/goldmark v1.1.27 h1:nqDD4MMMQA0lmWq03Z2/myGPYLQoXtmi0rGVs95ntbo=
github.com/yuin/goldmark v1.1.27/go.mod h1:3hX8gzYuyVAZsxl0MRgGTJEmQBFcNTphYh9decYSb74=
golang.org/x/crypto v0.0.0-20190308221718-c2843e01d9a2 h1:VklqNMn3ovrHsnt90PveolxSbWFaJdECFbxSq0Mqo2M=
golang.org/x/crypto v0.0.0-20190308221718-c2843e01d9a2/go.mod h1:djNgcEr1/C05ACkg1iLfiJU5Ep61QUkGW8qpdssI0+w=
golang.org/x/crypto v0.0.0-20191011191535-87dc89f01550 h1:ObdrDkeb4kJdCP557AjRjq69pTHfNouLtWZG7j9rPN8=
golang.org/x/crypto v0.0.0-20191011191535-87dc89f01550/go.mod h1:yigFU9vqHzYiE8UmvKecakEJjdnWj3jj499lnFckfCI=
golang.org/x/mod v0.2.0 h1:KU7oHjnv3XNWfa5COkzUifxZmxp1TyI7ImMXqFxLwvQ=
golang.org/x/mod v0.2.0/go.mod h1:s0Qsj1ACt9ePp/hMypM3fl4fZqREWJwdYDEqhRiZZUA=
golang.org/x/net v0.0.0-20190404232315-eb5bcb51f2a3/go.mod h1:t9HGtf8HONx5eT2rtn7q6eTqICYqUVnKs3thJo3Qplg=
golang.org/x/net v0.0.0-20190620200207-3b0461eec859/go.mod h1:z5CRVTTTmAJ677TzLLGU+0bjPO0LkuOLi4/5GtJWs/s=
golang.org/x/net v0.0.0-20200226121028-0de0cce0169b/go.mod h1:z5CRVTTTmAJ677TzLLGU+0bjPO0LkuOLi4/5GtJWs/s=
golang.org/x/net v0.0.0-20200421231249-e086a090c8fd h1:QPwSajcTUrFriMF1nJ3XzgoqakqQEsnZf9LdXdi2nkI=
golang.org/x/net v0.0.0-20200421231249-e086a090c8fd/go.mod h1:qpuaurCH72eLCgpAm/N6yyVIVM9cpaDIP3A8BGJEC5A=
golang.org/x/sync v0.0.0-20190423024810-112230192c58/go.mod h1:RxMgew5VJxzue5/jJTE5uejpjVlOe/izrB70Jof72aM=
golang.org/x/sync v0.0.0-20190911185100-cd5d95a43a6e h1:vcxGaoTs7kV8m5Np9uUNQin4BrLOthgV7252N8V+FwY=
golang.org/x/sync v0.0.0-20190911185100-cd5d95a43a6e/go.mod h1:RxMgew5VJxzue5/jJTE5uejpjVlOe/izrB70Jof72aM=
golang.org/x/sys v0.0.0-20190215142949-d0b11bdaac8a/go.mod h1:STP8DvDyc/dI5b8T5hshtkjS+E42TnysNCUPdjciGhY=
golang.org/x/sys v0.0.0-20190412213103-97732733099d/go.mod h1:h1NjWce9XRLGQEsW7wpKNCjG9DtNlClVuFLEZdDNbEs=
golang.org/x/sys v0.0.0-20200116001909-b77594299b42/go.mod h1:h1NjWce9XRLGQEsW7wpKNCjG9DtNlClVuFLEZdDNbEs=
golang.org/x/sys v0.0.0-20200223170610-d5e6a3e2c0ae/go.mod h1:h1NjWce9XRLGQEsW7wpKNCjG9DtNlClVuFLEZdDNbEs=
golang.org/x/sys v0.0.0-20200323222414-85ca7c5b95cd h1:xhmwyvizuTgC2qz7ZlMluP20uW+C3Rm0FD/WLDX8884=
golang.org/x/sys v0.0.0-20200323222414-85ca7c5b95cd/go.mod h1:h1NjWce9XRLGQEsW7wpKNCjG9DtNlClVuFLEZdDNbEs=
golang.org/x/text v0.3.0 h1:g61tztE5qeGQ89tm6NTjjM9VPIm088od1l6aSorWRWg=
golang.org/x/text v0.3.0/go.mod h1:NqM8EUOU14njkJ3fqMW+pc6Ldnwhi/IjpwHt7yyuwOQ=
golang.org/x/tools v0.0.0-20191119224855-298f0cb1881e/go.mod h1:b+2E5dAYhXwXZwtnZ6UAqBI28+e2cm9otk0dWdXHAEo=
golang.org/x/tools v0.0.0-20200426102838-f3a5411a4c3b h1:zSzQJAznWxAh9fZxiPy2FZo+ZZEYoYFYYDYdOrU7AaM=
golang.org/x/tools v0.0.0-20200426102838-f3a5411a4c3b/go.mod h1:EkVYQZoAsY45+roYkvgYkIh4xh/qjgUK9TdY2XT94GE=
golang.org/x/xerrors v0.0.0-20190717185122-a985d3407aa7/go.mod h1:I/5z698sn9Ka8TeJc9MKroUUfqBBauWjQqLJ2OPfmY0=
golang.org/x/xerrors v0.0.0-20191011141410-1b5146add898/go.mod h1:I/5z698sn9Ka8TeJc9MKroUUfqBBauWjQqLJ2OPfmY0=
golang.org/x/xerrors v0.0.0-20191204190536-9bdfabe68543 h1:E7g+9GITq07hpfrRu66IVDexMakfv52eLZ2CXBWiKr4=
golang.org/x/xerrors v0.0.0-20191204190536-9bdfabe68543/go.mod h1:I/5z698sn9Ka8TeJc9MKroUUfqBBauWjQqLJ2OPfmY0=
gopkg.in/check.v1 v0.0.0-20161208181325-20d25e280405 h1:yhCVgyC4o1eVCa2tZl7eS0r+SDo693bJlVdllGtEeKM=
gopkg.in/check.v1 v0.0.0-20161208181325-20d25e280405/go.mod h1:Co6ibVJAznAaIkqp8huTwlJQCZ016jof/cbN4VW5Yz0=
gopkg.in/godo.v1 v1.4.5 h1:XSCFoyA5MvJbFzboVpvOq+Jxxs0oPTjGmcjeEUw5Ygc=
gopkg.in/godo.v1 v1.4.5/go.mod h1:hKz63ASunENXsRjIunmu6xEeLBlXXWgwk7uXxAWXkwE=
gopkg.in/godo.v2 v2.0.9 h1:jnbznTzXVk0JDKOxN3/LJLDPYJzIl0734y+Z0cEJb4A=
gopkg.in/godo.v2 v2.0.9/go.mod h1:wgvPPKLsWN0hPIJ4JyxvFGGbIW3fJMSrXhdvSuZ1z/8=
gopkg.in/yaml.v2 v2.2.2 h1:ZCJp+EgiOT7lHqUV2J862kp8Qj64Jo6az82+3Td9dZw=
gopkg.in/yaml.v2 v2.2.2/go.mod h1:hI93XBmqTisBFMUTm0b8Fm+jr3Dg1NNxqwp+5A1VGuI=
